Microsoft Visual Studio Solution File, Format Version 11.00
# Visual Studio 2008

Project("{6E1D9BD0-F3B8-CB4C-B2C7-3AD280BC5A2A}") = "TestFacebook", "Assembly-CSharp.csproj", "{55840052-2D87-F965-026D-11BF365E5A68}"
EndProject
Project("{6E1D9BD0-F3B8-CB4C-B2C7-3AD280BC5A2A}") = "TestFacebook", "Assembly-CSharp-Editor.csproj", "{AF57BF19-A084-F154-1C6C-321D5AFEB7A4}"
EndProject
Global
	GlobalSection(SolutionConfigurationPlatforms) = preSolution
		Debug|Any CPU = Debug|Any CPU
		Release|Any CPU = Release|Any CPU
	EndGlobalSection
	GlobalSection(ProjectConfigurationPlatforms) = postSolution
		{55840052-2D87-F965-026D-11BF365E5A68}.Debug|Any CPU.ActiveCfg = Debug|Any CPU
		{55840052-2D87-F965-026D-11BF365E5A68}.Debug|Any CPU.Build.0 = Debug|Any CPU
		{55840052-2D87-F965-026D-11BF365E5A68}.Release|Any CPU.ActiveCfg = Release|Any CPU
		{55840052-2D87-F965-026D-11BF365E5A68}.Release|Any CPU.Build.0 = Release|Any CPU
		{AF57BF19-A084-F154-1C6C-321D5AFEB7A4}.Debug|Any CPU.ActiveCfg = Debug|Any CPU
		{AF57BF19-A084-F154-1C6C-321D5AFEB7A4}.Debug|Any CPU.Build.0 = Debug|Any CPU
		{AF57BF19-A084-F154-1C6C-321D5AFEB7A4}.Release|Any CPU.ActiveCfg = Release|Any CPU
		{AF57BF19-A084-F154-1C6C-321D5AFEB7A4}.Release|Any CPU.Build.0 = Release|Any CPU
	EndGlobalSection
	GlobalSection(SolutionProperties) = preSolution
		HideSolutionNode = FALSE
	EndGlobalSection
														GlobalSection(MonoDevelopProperties) = preSolution
		StartupItem = Assembly-CSharp.csproj
		Policies = $0
		$0.TextStylePolicy = $1
		$1.inheritsSet = null
		$1.scope = text/x-csharp
		$0.CSharpFormattingPolicy = $2
		$2.inheritsSet = Mono
		$2.inheritsScope = text/x-csharp
		$2.scope = text/x-csharp
		$0.TextStylePolicy = $3
		$3.FileWidth = 120
		$3.TabWidth = 4
		$3.EolMarker = Unix
		$3.inheritsSet = Mono
		$3.inheritsScope = text/plain
		$3.scope = text/plain
	EndGlobalSection

EndGlobal
